Microsoft Visual Studio Solution File, Format Version 11.00
# Visual Studio 2008

Project("{0420A9DF-58BC-9C52-8573-8F2B864876A9}") = "SuchCrashes", "Assembly-CSharp-firstpass-vs.csproj", "{05F3C646-A8BA-7066-F4C3-DE6F8B6958CF}"
EndProject
Project("{0420A9DF-58BC-9C52-8573-8F2B864876A9}") = "SuchCrashes", "Assembly-CSharp-vs.csproj", "{9407B1F2-0DDF-C52D-3854-24C087C42E32}"
EndProject
Global
	GlobalSection(SolutionConfigurationPlatforms) = preSolution
		Debug|Any CPU = Debug|Any CPU
		Release|Any CPU = Release|Any CPU
	EndGlobalSection
	GlobalSection(ProjectConfigurationPlatforms) = postSolution
		{05F3C646-A8BA-7066-F4C3-DE6F8B6958CF}.Debug|Any CPU.ActiveCfg = Debug|Any CPU
		{05F3C646-A8BA-7066-F4C3-DE6F8B6958CF}.Debug|Any CPU.Build.0 = Debug|Any CPU
		{05F3C646-A8BA-7066-F4C3-DE6F8B6958CF}.Release|Any CPU.ActiveCfg = Release|Any CPU
		{05F3C646-A8BA-7066-F4C3-DE6F8B6958CF}.Release|Any CPU.Build.0 = Release|Any CPU
		{9407B1F2-0DDF-C52D-3854-24C087C42E32}.Debug|Any CPU.ActiveCfg = Debug|Any CPU
		{9407B1F2-0DDF-C52D-3854-24C087C42E32}.Debug|Any CPU.Build.0 = Debug|Any CPU
		{9407B1F2-0DDF-C52D-3854-24C087C42E32}.Release|Any CPU.ActiveCfg = Release|Any CPU
		{9407B1F2-0DDF-C52D-3854-24C087C42E32}.Release|Any CPU.Build.0 = Release|Any CPU
	EndGlobalSection
	GlobalSection(SolutionProperties) = preSolution
		HideSolutionNode = FALSE
	EndGlobalSection
									GlobalSection(MonoDevelopProperties) = preSolution
		StartupItem = Assembly-CSharp.csproj
		Policies = $0
		$0.TextStylePolicy = $1
		$1.inheritsSet = null
		$1.scope = text/x-csharp
		$0.CSharpFormattingPolicy = $2
		$2.inheritsSet = Mono
		$2.inheritsScope = text/x-csharp
		$2.scope = text/x-csharp
		$0.TextStylePolicy = $3
		$3.FileWidth = 120
		$3.TabWidth = 4
		$3.EolMarker = Unix
		$3.inheritsSet = Mono
		$3.inheritsScope = text/plain
		$3.scope = text/plain
	EndGlobalSection

EndGlobal
